// !$*UTF8*$!
{
	archiveVersion = 1;
	classes = {
	};
	objectVersion = 50;
	objects = {

/* Begin PBXBuildFile section */
		83CBF37F27A7ECE20009535A /* HeadphoneFilter.h in Headers */ = {isa = PBXBuildFile; fileRef = 83CBF24B27A7E5B40009535A /* HeadphoneFilter.h */; settings = {ATTRIBUTES = (Public, ); }; };
		83EAB95727B257CE00DD96AD /* lpc.h in Headers */ = {isa = PBXBuildFile; fileRef = 83EAB95427B257CE00DD96AD /* lpc.h */; };
		83EAB95827B257CE00DD96AD /* util.h in Headers */ = {isa = PBXBuildFile; fileRef = 83EAB95527B257CE00DD96AD /* util.h */; };
		83EAB95927B257CE00DD96AD /* lpc.c in Sources */ = {isa = PBXBuildFile; fileRef = 83EAB95627B257CE00DD96AD /* lpc.c */; };
		83F9D5CA27A7FE5F00CA43B0 /* NSFileHandle+CreateFile.m in Sources */ = {isa = PBXBuildFile; fileRef = 83CBF36E27A7EBED0009535A /* NSFileHandle+CreateFile.m */; };
		83F9D5CB27A7FE6D00CA43B0 /* AudioDecoder.m in Sources */ = {isa = PBXBuildFile; fileRef = 83CBF37327A7EC4F0009535A /* AudioDecoder.m */; };
		83F9D5CC27A7FE6D00CA43B0 /* AudioSource.m in Sources */ = {isa = PBXBuildFile; fileRef = 83CBF37227A7EC4F0009535A /* AudioSource.m */; };
		83F9D5CD27A7FE6D00CA43B0 /* PluginController.m in Sources */ = {isa = PBXBuildFile; fileRef = 83CBF35627A7E9120009535A /* PluginController.m */; };
		83F9D5CE27A7FE6D00CA43B0 /* HeadphoneFilter.m in Sources */ = {isa = PBXBuildFile; fileRef = 83CBF29827A7E5B40009535A /* HeadphoneFilter.m */; };
/* End PBXBuildFile section */

/* Begin PBXContainerItemProxy section */
		83CBF31027A7E6450009535A /* PBXContainerItemProxy */ = {
			isa = PBXContainerItemProxy;
			containerPortal = 83CBF30B27A7E6450009535A /* CoreAudio.xcodeproj */;
			proxyType = 2;
			remoteGlobalIDString = 8D5B49B6048680CD000E48DA;
			remoteInfo = "CoreAudio Plugin";
		};
		83CBF31327A7E6450009535A /* PBXContainerItemProxy */ = {
			isa = PBXContainerItemProxy;
			containerPortal = 83CBF30327A7E6450009535A /* WavPack.xcodeproj */;
			proxyType = 2;
			remoteGlobalIDString = 8D5B49B6048680CD000E48DA;
			remoteInfo = "WavPack Plugin";
		};
		83CBF34B27A7E6B80009535A /* PBXContainerItemProxy */ = {
			isa = PBXContainerItemProxy;
			containerPortal = 83CBF34427A7E6B80009535A /* FileSource.xcodeproj */;
			proxyType = 2;
			remoteGlobalIDString = 8D5B49B6048680CD000E48DA;
			remoteInfo = "FileSource Plugin";
		};
		83CBF36527A7EA140009535A /* PBXContainerItemProxy */ = {
			isa = PBXContainerItemProxy;
			containerPortal = 83CBF35F27A7EA140009535A /* File_Extractor.xcodeproj */;
			proxyType = 2;
			remoteGlobalIDString = 8359FF3C17FEF39F0060F3ED;
			remoteInfo = File_Extractor;
		};
/* End PBXContainerItemProxy section */

/* Begin PBXFileReference section */
		834AEBEA27A8C47D00767FAD /* libHeSuVi.a */ = {isa = PBXFileReference; explicitFileType = archive.ar; includeInIndex = 0; path = libHeSuVi.a; sourceTree = BUILT_PRODUCTS_DIR; };
		83CBF24B27A7E5B40009535A /* HeadphoneFilter.h */ = {isa = PBXFileReference; fileEncoding = 4; lastKnownFileType = sourcecode.c.h; name = HeadphoneFilter.h; path = HeSuVi/HeadphoneFilter.h; sourceTree = "<group>"; };
		83CBF29827A7E5B40009535A /* HeadphoneFilter.m */ = {isa = PBXFileReference; fileEncoding = 4; lastKnownFileType = sourcecode.c.objc; name = HeadphoneFilter.m; path = HeSuVi/HeadphoneFilter.m; sourceTree = "<group>"; };
		83CBF30327A7E6450009535A /* WavPack.xcodeproj */ = {isa = PBXFileReference; lastKnownFileType = "wrapper.pb-project"; path = WavPack.xcodeproj; sourceTree = "<group>"; };
		83CBF30B27A7E6450009535A /* CoreAudio.xcodeproj */ = {isa = PBXFileReference; lastKnownFileType = "wrapper.pb-project"; path = CoreAudio.xcodeproj; sourceTree = "<group>"; };
		83CBF34427A7E6B80009535A /* FileSource.xcodeproj */ = {isa = PBXFileReference; lastKnownFileType = "wrapper.pb-project"; path = FileSource.xcodeproj; sourceTree = "<group>"; };
		83CBF35527A7E9120009535A /* Plugin.h */ = {isa = PBXFileReference; fileEncoding = 4; lastKnownFileType = sourcecode.c.h; path = Plugin.h; sourceTree = "<group>"; };
		83CBF35627A7E9120009535A /* PluginController.m */ = {isa = PBXFileReference; fileEncoding = 4; lastKnownFileType = sourcecode.c.objc; path = PluginController.m; sourceTree = "<group>"; };
		83CBF35727A7E9120009535A /* PluginController.h */ = {isa = PBXFileReference; fileEncoding = 4; lastKnownFileType = sourcecode.c.h; path = PluginController.h; sourceTree = "<group>"; };
		83CBF35F27A7EA140009535A /* File_Extractor.xcodeproj */ = {isa = PBXFileReference; lastKnownFileType = "wrapper.pb-project"; name = File_Extractor.xcodeproj; path = "/Users/chris/Source/Repos/HeSuVi-For-Mac/HeSuVi/Plugin/Frameworks/File_Extractor/File_Extractor.xcodeproj"; sourceTree = "<absolute>"; };
		83CBF36C27A7EBC60009535A /* Logging.h */ = {isa = PBXFileReference; fileEncoding = 4; lastKnownFileType = sourcecode.c.h; path = Logging.h; sourceTree = "<group>"; };
		83CBF36E27A7EBED0009535A /* NSFileHandle+CreateFile.m */ = {isa = PBXFileReference; fileEncoding = 4; lastKnownFileType = sourcecode.c.objc; path = "NSFileHandle+CreateFile.m"; sourceTree = "<group>"; };
		83CBF36F27A7EBED0009535A /* NSFileHandle+CreateFile.h */ = {isa = PBXFileReference; fileEncoding = 4; lastKnownFileType = sourcecode.c.h; path = "NSFileHandle+CreateFile.h"; sourceTree = "<group>"; };
		83CBF37227A7EC4F0009535A /* AudioSource.m */ = {isa = PBXFileReference; fileEncoding = 4; lastKnownFileType = sourcecode.c.objc; path = AudioSource.m; sourceTree = "<group>"; };
		83CBF37327A7EC4F0009535A /* AudioDecoder.m */ = {isa = PBXFileReference; fileEncoding = 4; lastKnownFileType = sourcecode.c.objc; path = AudioDecoder.m; sourceTree = "<group>"; };
		83CBF37427A7EC4F0009535A /* AudioDecoder.h */ = {isa = PBXFileReference; fileEncoding = 4; lastKnownFileType = sourcecode.c.h; path = AudioDecoder.h; sourceTree = "<group>"; };
		83CBF37527A7EC4F0009535A /* AudioSource.h */ = {isa = PBXFileReference; fileEncoding = 4; lastKnownFileType = sourcecode.c.h; path = AudioSource.h; sourceTree = "<group>"; };
		83EAB94F27B24FB300DD96AD /* libsoxr.0.dylib */ = {isa = PBXFileReference; lastKnownFileType = "compiled.mach-o.dylib"; path = libsoxr.0.dylib; sourceTree = "<group>"; };
		83EAB95427B257CE00DD96AD /* lpc.h */ = {isa = PBXFileReference; fileEncoding = 4; lastKnownFileType = sourcecode.c.h; path = lpc.h; sourceTree = "<group>"; };
		83EAB95527B257CE00DD96AD /* util.h */ = {isa = PBXFileReference; fileEncoding = 4; lastKnownFileType = sourcecode.c.h; path = util.h; sourceTree = "<group>"; };
		83EAB95627B257CE00DD96AD /* lpc.c */ = {isa = PBXFileReference; fileEncoding = 4; lastKnownFileType = sourcecode.c.c; path = lpc.c; sourceTree = "<group>"; };
/* End PBXFileReference section */

/* Begin PBXFrameworksBuildPhase section */
		834AEBE827A8C47D00767FAD /* Frameworks */ = {
			isa = PBXFrameworksBuildPhase;
			buildActionMask = 2147483647;
			files = (
			);
			runOnlyForDeploymentPostprocessing = 0;
		};
/* End PBXFrameworksBuildPhase section */

/* Begin PBXGroup section */
		6B67D4D7259588F9008BC03B = {
			isa = PBXGroup;
			children = (
				83CBF2CB27A7E6450009535A /* Plugin */,
				83CBF24B27A7E5B40009535A /* HeadphoneFilter.h */,
				83CBF29827A7E5B40009535A /* HeadphoneFilter.m */,
				6B67D4E1259588F9008BC03B /* Products */,
				6B67D55925958A12008BC03B /* Frameworks */,
				83CBF35F27A7EA140009535A /* File_Extractor.xcodeproj */,
			);
			sourceTree = "<group>";
		};
		6B67D4E1259588F9008BC03B /* Products */ = {
			isa = PBXGroup;
			children = (
				834AEBEA27A8C47D00767FAD /* libHeSuVi.a */,
			);
			name = Products;
			sourceTree = "<group>";
		};
		6B67D55925958A12008BC03B /* Frameworks */ = {
			isa = PBXGroup;
			children = (
				83EAB94F27B24FB300DD96AD /* libsoxr.0.dylib */,
			);
			name = Frameworks;
			sourceTree = "<group>";
		};
		83CBF2CB27A7E6450009535A /* Plugin */ = {
			isa = PBXGroup;
			children = (
				83EAB95327B257CE00DD96AD /* lvqcl */,
				83CBF36B27A7EBC60009535A /* Utils */,
				83CBF35427A7E9120009535A /* Audio */,
				83CBF2FD27A7E6450009535A /* Bundles */,
			);
			name = Plugin;
			path = HeSuVi/Plugin;
			sourceTree = "<group>";
		};
		83CBF2FD27A7E6450009535A /* Bundles */ = {
			isa = PBXGroup;
			children = (
				83CBF34127A7E6B80009535A /* FileSource */,
				83CBF2FE27A7E6450009535A /* WavPack */,
				83CBF30727A7E6450009535A /* CoreAudio */,
			);
			path = Bundles;
			sourceTree = "<group>";
		};
		83CBF2FE27A7E6450009535A /* WavPack */ = {
			isa = PBXGroup;
			children = (
				83CBF30327A7E6450009535A /* WavPack.xcodeproj */,
			);
			path = WavPack;
			sourceTree = "<group>";
		};
		83CBF30427A7E6450009535A /* Products */ = {
			isa = PBXGroup;
			children = (
				83CBF31427A7E6450009535A /* WavPack.bundle */,
			);
			name = Products;
			sourceTree = "<group>";
		};
		83CBF30727A7E6450009535A /* CoreAudio */ = {
			isa = PBXGroup;
			children = (
				83CBF30B27A7E6450009535A /* CoreAudio.xcodeproj */,
			);
			path = CoreAudio;
			sourceTree = "<group>";
		};
		83CBF30C27A7E6450009535A /* Products */ = {
			isa = PBXGroup;
			children = (
				83CBF31127A7E6450009535A /* CoreAudio.bundle */,
			);
			name = Products;
			sourceTree = "<group>";
		};
		83CBF34127A7E6B80009535A /* FileSource */ = {
			isa = PBXGroup;
			children = (
				83CBF34427A7E6B80009535A /* FileSource.xcodeproj */,
			);
			path = FileSource;
			sourceTree = "<group>";
		};
		83CBF34527A7E6B80009535A /* Products */ = {
			isa = PBXGroup;
			children = (
				83CBF34C27A7E6B80009535A /* FileSource.bundle */,
			);
			name = Products;
			sourceTree = "<group>";
		};
		83CBF35427A7E9120009535A /* Audio */ = {
			isa = PBXGroup;
			children = (
				83CBF37427A7EC4F0009535A /* AudioDecoder.h */,
				83CBF37327A7EC4F0009535A /* AudioDecoder.m */,
				83CBF37527A7EC4F0009535A /* AudioSource.h */,
				83CBF37227A7EC4F0009535A /* AudioSource.m */,
				83CBF35527A7E9120009535A /* Plugin.h */,
				83CBF35727A7E9120009535A /* PluginController.h */,
				83CBF35627A7E9120009535A /* PluginController.m */,
			);
			path = Audio;
			sourceTree = "<group>";
		};
		83CBF36027A7EA140009535A /* Products */ = {
			isa = PBXGroup;
			children = (
				83CBF36627A7EA140009535A /* File_Extractor.framework */,
			);
			name = Products;
			sourceTree = "<group>";
		};
		83CBF36B27A7EBC60009535A /* Utils */ = {
			isa = PBXGroup;
			children = (
				83CBF36F27A7EBED0009535A /* NSFileHandle+CreateFile.h */,
				83CBF36E27A7EBED0009535A /* NSFileHandle+CreateFile.m */,
				83CBF36C27A7EBC60009535A /* Logging.h */,
			);
			path = Utils;
			sourceTree = "<group>";
		};
		83EAB95327B257CE00DD96AD /* lvqcl */ = {
			isa = PBXGroup;
			children = (
				83EAB95427B257CE00DD96AD /* lpc.h */,
				83EAB95527B257CE00DD96AD /* util.h */,
				83EAB95627B257CE00DD96AD /* lpc.c */,
			);
			name = lvqcl;
			path = HeSuVi/lvqcl;
			sourceTree = SOURCE_ROOT;
		};
/* End PBXGroup section */

/* Begin PBXHeadersBuildPhase section */
		834AEBE627A8C47D00767FAD /* Headers */ = {
			isa = PBXHeadersBuildPhase;
			buildActionMask = 2147483647;
			files = (
				83EAB95827B257CE00DD96AD /* util.h in Headers */,
				83EAB95727B257CE00DD96AD /* lpc.h in Headers */,
				83CBF37F27A7ECE20009535A /* HeadphoneFilter.h in Headers */,
			);
			runOnlyForDeploymentPostprocessing = 0;
		};
/* End PBXHeadersBuildPhase section */

/* Begin PBXNativeTarget section */
		834AEBE927A8C47D00767FAD /* HeSuVi */ = {
			isa = PBXNativeTarget;
			buildConfigurationList = 834AEBF227A8C47D00767FAD /* Build configuration list for PBXNativeTarget "HeSuVi" */;
			buildPhases = (
				834AEBE627A8C47D00767FAD /* Headers */,
				834AEBE727A8C47D00767FAD /* Sources */,
				834AEBE827A8C47D00767FAD /* Frameworks */,
			);
			buildRules = (
			);
			dependencies = (
			);
			name = HeSuVi;
			productName = "HeSuVi-static";
			productReference = 834AEBEA27A8C47D00767FAD /* libHeSuVi.a */;
			productType = "com.apple.product-type.library.static";
		};
/* End PBXNativeTarget section */

/* Begin PBXProject section */
		6B67D4D8259588F9008BC03B /* Project object */ = {
			isa = PBXProject;
			attributes = {
				LastUpgradeCheck = 1320;
				TargetAttributes = {
					834AEBE927A8C47D00767FAD = {
						CreatedOnToolsVersion = 13.2.1;
					};
				};
			};
			buildConfigurationList = 6B67D4DB259588F9008BC03B /* Build configuration list for PBXProject "HeSuVi" */;
			compatibilityVersion = "Xcode 9.3";
			developmentRegion = en;
			hasScannedForEncodings = 0;
			knownRegions = (
				en,
				Base,
				es,
			);
			mainGroup = 6B67D4D7259588F9008BC03B;
			productRefGroup = 6B67D4E1259588F9008BC03B /* Products */;
			projectDirPath = "";
			projectReferences = (
				{
					ProductGroup = 83CBF30C27A7E6450009535A /* Products */;
					ProjectRef = 83CBF30B27A7E6450009535A /* CoreAudio.xcodeproj */;
				},
				{
					ProductGroup = 83CBF36027A7EA140009535A /* Products */;
					ProjectRef = 83CBF35F27A7EA140009535A /* File_Extractor.xcodeproj */;
				},
				{
					ProductGroup = 83CBF34527A7E6B80009535A /* Products */;
					ProjectRef = 83CBF34427A7E6B80009535A /* FileSource.xcodeproj */;
				},
				{
					ProductGroup = 83CBF30427A7E6450009535A /* Products */;
					ProjectRef = 83CBF30327A7E6450009535A /* WavPack.xcodeproj */;
				},
			);
			projectRoot = "";
			targets = (
				834AEBE927A8C47D00767FAD /* HeSuVi */,
			);
		};
/* End PBXProject section */

/* Begin PBXReferenceProxy section */
		83CBF31127A7E6450009535A /* CoreAudio.bundle */ = {
			isa = PBXReferenceProxy;
			fileType = wrapper.cfbundle;
			path = CoreAudio.bundle;
			remoteRef = 83CBF31027A7E6450009535A /* PBXContainerItemProxy */;
			sourceTree = BUILT_PRODUCTS_DIR;
		};
		83CBF31427A7E6450009535A /* WavPack.bundle */ = {
			isa = PBXReferenceProxy;
			fileType = wrapper.cfbundle;
			path = WavPack.bundle;
			remoteRef = 83CBF31327A7E6450009535A /* PBXContainerItemProxy */;
			sourceTree = BUILT_PRODUCTS_DIR;
		};
		83CBF34C27A7E6B80009535A /* FileSource.bundle */ = {
			isa = PBXReferenceProxy;
			fileType = wrapper.cfbundle;
			path = FileSource.bundle;
			remoteRef = 83CBF34B27A7E6B80009535A /* PBXContainerItemProxy */;
			sourceTree = BUILT_PRODUCTS_DIR;
		};
		83CBF36627A7EA140009535A /* File_Extractor.framework */ = {
			isa = PBXReferenceProxy;
			fileType = wrapper.framework;
			path = File_Extractor.framework;
			remoteRef = 83CBF36527A7EA140009535A /* PBXContainerItemProxy */;
			sourceTree = BUILT_PRODUCTS_DIR;
		};
/* End PBXReferenceProxy section */

/* Begin PBXSourcesBuildPhase section */
		834AEBE727A8C47D00767FAD /* Sources */ = {
			isa = PBXSourcesBuildPhase;
			buildActionMask = 2147483647;
			files = (
				83F9D5CB27A7FE6D00CA43B0 /* AudioDecoder.m in Sources */,
				83F9D5CC27A7FE6D00CA43B0 /* AudioSource.m in Sources */,
				83F9D5CD27A7FE6D00CA43B0 /* PluginController.m in Sources */,
				83EAB95927B257CE00DD96AD /* lpc.c in Sources */,
				83F9D5CE27A7FE6D00CA43B0 /* HeadphoneFilter.m in Sources */,
				83F9D5CA27A7FE5F00CA43B0 /* NSFileHandle+CreateFile.m in Sources */,
			);
			runOnlyForDeploymentPostprocessing = 0;
		};
/* End PBXSourcesBuildPhase section */

/* Begin XCBuildConfiguration section */
		6B67D4E2259588F9008BC03B /* Debug */ = {
			isa = XCBuildConfiguration;
			buildSettings = {
				ALWAYS_SEARCH_USER_PATHS = NO;
				CLANG_ANALYZER_LOCALIZABILITY_NONLOCALIZED = YES;
				CLANG_ANALYZER_NONNULL = YES;
				CLANG_ANALYZER_NUMBER_OBJECT_CONVERSION = YES_AGGRESSIVE;
				CLANG_CXX_LANGUAGE_STANDARD = "gnu++14";
				CLANG_CXX_LIBRARY = "libc++";
				CLANG_ENABLE_MODULES = YES;
				CLANG_ENABLE_OBJC_ARC = YES;
				CLANG_ENABLE_OBJC_WEAK = YES;
				CLANG_WARN_BLOCK_CAPTURE_AUTORELEASING = YES;
				CLANG_WARN_BOOL_CONVERSION = YES;
				CLANG_WARN_COMMA = YES;
				CLANG_WARN_CONSTANT_CONVERSION = YES;
				CLANG_WARN_DEPRECATED_OBJC_IMPLEMENTATIONS = YES;
				CLANG_WARN_DIRECT_OBJC_ISA_USAGE = YES_ERROR;
				CLANG_WARN_DOCUMENTATION_COMMENTS = YES;
				CLANG_WARN_EMPTY_BODY = YES;
				CLANG_WARN_ENUM_CONVERSION = YES;
				CLANG_WARN_INFINITE_RECURSION = YES;
				CLANG_WARN_INT_CONVERSION = YES;
				CLANG_WARN_NON_LITERAL_NULL_CONVERSION = YES;
				CLANG_WARN_OBJC_IMPLICIT_RETAIN_SELF = YES;
				CLANG_WARN_OBJC_LITERAL_CONVERSION = YES;
				CLANG_WARN_OBJC_ROOT_CLASS = YES_ERROR;
				CLANG_WARN_QUOTED_INCLUDE_IN_FRAMEWORK_HEADER = YES;
				CLANG_WARN_RANGE_LOOP_ANALYSIS = YES;
				CLANG_WARN_STRICT_PROTOTYPES = YES;
				CLANG_WARN_SUSPICIOUS_MOVE = YES;
				CLANG_WARN_UNGUARDED_AVAILABILITY = YES_AGGRESSIVE;
				CLANG_WARN_UNREACHABLE_CODE = YES;
				CLANG_WARN__DUPLICATE_METHOD_MATCH = YES;
				COPY_PHASE_STRIP = NO;
				DEBUG_INFORMATION_FORMAT = dwarf;
				ENABLE_STRICT_OBJC_MSGSEND = YES;
				ENABLE_TESTABILITY = YES;
				GCC_C_LANGUAGE_STANDARD = gnu11;
				GCC_DYNAMIC_NO_PIC = NO;
				GCC_NO_COMMON_BLOCKS = YES;
				GCC_OPTIMIZATION_LEVEL = 0;
				GCC_PREPROCESSOR_DEFINITIONS = (
					"DEBUG=1",
					"$(inherited)",
					"HAVE_CONFIG_H=1",
				);
				GCC_WARN_64_TO_32_BIT_CONVERSION = YES;
				GCC_WARN_ABOUT_RETURN_TYPE = YES_ERROR;
				GCC_WARN_UNDECLARED_SELECTOR = YES;
				GCC_WARN_UNINITIALIZED_AUTOS = YES_AGGRESSIVE;
				GCC_WARN_UNUSED_FUNCTION = YES;
				GCC_WARN_UNUSED_VARIABLE = YES;
				HEADER_SEARCH_PATHS = (
					HeSuVi/libsoxr/include,
					HeSuVi/lvqcl,
				);
				LIBRARY_SEARCH_PATHS = HeSuVi/libsoxr/lib;
				MACOSX_DEPLOYMENT_TARGET = 11.1;
				MTL_ENABLE_DEBUG_INFO = INCLUDE_SOURCE;
				MTL_FAST_MATH = YES;
				ONLY_ACTIVE_ARCH = YES;
				SDKROOT = macosx;
			};
			name = Debug;
		};
		6B67D4E3259588F9008BC03B /* Release */ = {
			isa = XCBuildConfiguration;
			buildSettings = {
				ALWAYS_SEARCH_USER_PATHS = NO;
				CLANG_ANALYZER_LOCALIZABILITY_NONLOCALIZED = YES;
				CLANG_ANALYZER_NONNULL = YES;
				CLANG_ANALYZER_NUMBER_OBJECT_CONVERSION = YES_AGGRESSIVE;
				CLANG_CXX_LANGUAGE_STANDARD = "gnu++14";
				CLANG_CXX_LIBRARY = "libc++";
				CLANG_ENABLE_MODULES = YES;
				CLANG_ENABLE_OBJC_ARC = YES;
				CLANG_ENABLE_OBJC_WEAK = YES;
				CLANG_WARN_BLOCK_CAPTURE_AUTORELEASING = YES;
				CLANG_WARN_BOOL_CONVERSION = YES;
				CLANG_WARN_COMMA = YES;
				CLANG_WARN_CONSTANT_CONVERSION = YES;
				CLANG_WARN_DEPRECATED_OBJC_IMPLEMENTATIONS = YES;
				CLANG_WARN_DIRECT_OBJC_ISA_USAGE = YES_ERROR;
				CLANG_WARN_DOCUMENTATION_COMMENTS = YES;
				CLANG_WARN_EMPTY_BODY = YES;
				CLANG_WARN_ENUM_CONVERSION = YES;
				CLANG_WARN_INFINITE_RECURSION = YES;
				CLANG_WARN_INT_CONVERSION = YES;
				CLANG_WARN_NON_LITERAL_NULL_CONVERSION = YES;
				CLANG_WARN_OBJC_IMPLICIT_RETAIN_SELF = YES;
				CLANG_WARN_OBJC_LITERAL_CONVERSION = YES;
				CLANG_WARN_OBJC_ROOT_CLASS = YES_ERROR;
				CLANG_WARN_QUOTED_INCLUDE_IN_FRAMEWORK_HEADER = YES;
				CLANG_WARN_RANGE_LOOP_ANALYSIS = YES;
				CLANG_WARN_STRICT_PROTOTYPES = YES;
				CLANG_WARN_SUSPICIOUS_MOVE = YES;
				CLANG_WARN_UNGUARDED_AVAILABILITY = YES_AGGRESSIVE;
				CLANG_WARN_UNREACHABLE_CODE = YES;
				CLANG_WARN__DUPLICATE_METHOD_MATCH = YES;
				COPY_PHASE_STRIP = NO;
				DEBUG_INFORMATION_FORMAT = "dwarf-with-dsym";
				ENABLE_NS_ASSERTIONS = NO;
				ENABLE_STRICT_OBJC_MSGSEND = YES;
				GCC_C_LANGUAGE_STANDARD = gnu11;
				GCC_NO_COMMON_BLOCKS = YES;
				GCC_PREPROCESSOR_DEFINITIONS = "HAVE_CONFIG_H=1";
				GCC_WARN_64_TO_32_BIT_CONVERSION = YES;
				GCC_WARN_ABOUT_RETURN_TYPE = YES_ERROR;
				GCC_WARN_UNDECLARED_SELECTOR = YES;
				GCC_WARN_UNINITIALIZED_AUTOS = YES_AGGRESSIVE;
				GCC_WARN_UNUSED_FUNCTION = YES;
				GCC_WARN_UNUSED_VARIABLE = YES;
				HEADER_SEARCH_PATHS = (
					HeSuVi/libsoxr/include,
					HeSuVi/lvqcl,
				);
				LIBRARY_SEARCH_PATHS = HeSuVi/libsoxr/lib;
				MACOSX_DEPLOYMENT_TARGET = 11.1;
				MTL_ENABLE_DEBUG_INFO = NO;
				MTL_FAST_MATH = YES;
				SDKROOT = macosx;
			};
			name = Release;
		};
		834AEBF027A8C47D00767FAD /* Debug */ = {
			isa = XCBuildConfiguration;
			buildSettings = {
				CLANG_CXX_LANGUAGE_STANDARD = "gnu++17";
				CODE_SIGN_STYLE = Automatic;
				EXECUTABLE_PREFIX = lib;
				GCC_PREPROCESSOR_DEFINITIONS = (
					"DEBUG=1",
					"$(inherited)",
				);
				LIBRARY_SEARCH_PATHS = (
					"$(inherited)",
					"$(PROJECT_DIR)/HeSuVi/libsoxr/lib",
				);
				PRODUCT_NAME = "$(TARGET_NAME)";
				SKIP_INSTALL = YES;
				STRIP_INSTALLED_PRODUCT = NO;
			};
			name = Debug;
		};
		834AEBF127A8C47D00767FAD /* Release */ = {
			isa = XCBuildConfiguration;
			buildSettings = {
				CLANG_CXX_LANGUAGE_STANDARD = "gnu++17";
				CODE_SIGN_STYLE = Automatic;
				EXECUTABLE_PREFIX = lib;
				LIBRARY_SEARCH_PATHS = (
					"$(inherited)",
					"$(PROJECT_DIR)/HeSuVi/libsoxr/lib",
				);
				PRODUCT_NAME = "$(TARGET_NAME)";
				SKIP_INSTALL = YES;
			};
			name = Release;
		};
/* End XCBuildConfiguration section */

/* Begin XCConfigurationList section */
		6B67D4DB259588F9008BC03B /* Build configuration list for PBXProject "HeSuVi" */ = {
			isa = XCConfigurationList;
			buildConfigurations = (
				6B67D4E2259588F9008BC03B /* Debug */,
				6B67D4E3259588F9008BC03B /* Release */,
			);
			defaultConfigurationIsVisible = 0;
			defaultConfigurationName = Release;
		};
		834AEBF227A8C47D00767FAD /* Build configuration list for PBXNativeTarget "HeSuVi" */ = {
			isa = XCConfigurationList;
			buildConfigurations = (
				834AEBF027A8C47D00767FAD /* Debug */,
				834AEBF127A8C47D00767FAD /* Release */,
			);
			defaultConfigurationIsVisible = 0;
			defaultConfigurationName = Release;
		};
/* End XCConfigurationList section */
	};
	rootObject = 6B67D4D8259588F9008BC03B /* Project object */;
}
